
Microsoft Visual Studio Solution File, Format Version 12.00
# Visual Studio 15
VisualStudioVersion = 15.0.28307.779
MinimumVisualStudioVersion = 10.0.40219.1
Project("{FAE04EC0-301F-11D3-BF4B-00C04F79EFBC}") = "Asp.Net Mvc Project", "CRUDProject\Asp.Net Mvc Project.csproj", "{E3987460-4973-4348-8261-8EEEA0896873}"
EndProject
Global
	GlobalSection(SolutionConfigurationPlatforms) = preSolution
		Debug|Any CPU = Debug|Any CPU
		Release|Any CPU = Release|Any CPU
	EndGlobalSection
	GlobalSection(ProjectConfigurationPlatforms) = postSolution
		{E3987460-4973-4348-8261-8EEEA0896873}.Debug|Any CPU.ActiveCfg = Debug|Any CPU
		{E3987460-4973-4348-8261-8EEEA0896873}.Debug|Any CPU.Build.0 = Debug|Any CPU
		{E3987460-4973-4348-8261-8EEEA0896873}.Release|Any CPU.ActiveCfg = Release|Any CPU
		{E3987460-4973-4348-8261-8EEEA0896873}.Release|Any CPU.Build.0 = Release|Any CPU
	EndGlobalSection
	GlobalSection(SolutionProperties) = preSolution
		HideSolutionNode = FALSE
	EndGlobalSection
	GlobalSection(ExtensibilityGlobals) = postSolution
		SolutionGuid = {F931EBD2-CE6A-4737-9976-D2FDEC70AE2B}
	EndGlobalSection
EndGlobal
